PODS:
  - Alamofire (4.9.1)
  - AlamofireNetworkActivityIndicator (2.4.0):
    - Alamofire (~> 4.8)
  - pop (1.0.12)
  - SDWebImage (5.4.0):
    - SDWebImage/Core (= 5.4.0)
  - SDWebImage/Core (5.4.0)
  - SVProgressHUD (2.2.5)

DEPENDENCIES:
  - Alamofire
  - AlamofireNetworkActivityIndicator
  - pop
  - SDWebImage
  - SVProgressHUD

SPEC REPOS:
  trunk:
    - Alamofire
    - AlamofireNetworkActivityIndicator
    - pop
    - SDWebImage
    - SVProgressHUD

SPEC CHECKSUMS:
  Alamofire: 85e8a02c69d6020a0d734f6054870d7ecb75cf18
  AlamofireNetworkActivityIndicator: 9acc3de3ca6645bf0efed462396b0df13dd3e7b8
  pop: d582054913807fd11fd50bfe6a539d91c7e1a55a
  SDWebImage: 5bf6aec6481ae2a062bdc59f9d6c1d1e552090e0
  SVProgressHUD: 1428aafac632c1f86f62aa4243ec12008d7a51d6

PODFILE CHECKSUM: 022fe475c2c764c56b2da0d3cd56a0ee51975b8e

COCOAPODS: 1.8.4
